
Microsoft Visual Studio Solution File, Format Version 12.00
# Visual Studio Version 16
VisualStudioVersion = 16.0.30011.22
MinimumVisualStudioVersion = 10.0.40219.1
Project("{9A19103F-16F7-4668-BE54-9A1E7A4F7556}") = "ETicaret.Entities", "ETicaret.Entities\ETicaret.Entities.csproj", "{9EE99AA5-8116-4E9F-84D3-940B3E012653}"
EndProject
Project("{9A19103F-16F7-4668-BE54-9A1E7A4F7556}") = "ETicaret.Business", "ETicaret.Business\ETicaret.Business.csproj", "{644EABB1-41CB-44AF-8560-D4854CE490EB}"
EndProject
Project("{9A19103F-16F7-4668-BE54-9A1E7A4F7556}") = "ETicaret.WebUI", "ETicaret.WebUI\ETicaret.WebUI.csproj", "{4AFACD1C-5513-4B06-86E2-F4D9DDDC64B6}"
EndProject
Project("{9A19103F-16F7-4668-BE54-9A1E7A4F7556}") = "ETicaret.Repository", "ETicaret.Repository\ETicaret.Repository.csproj", "{73A44935-BFB0-4D38-BF6F-A655CF472C88}"
EndProject
Global
	GlobalSection(SolutionConfigurationPlatforms) = preSolution
		Debug|Any CPU = Debug|Any CPU
		Release|Any CPU = Release|Any CPU
	EndGlobalSection
	GlobalSection(ProjectConfigurationPlatforms) = postSolution
		{9EE99AA5-8116-4E9F-84D3-940B3E012653}.Debug|Any CPU.ActiveCfg = Debug|Any CPU
		{9EE99AA5-8116-4E9F-84D3-940B3E012653}.Debug|Any CPU.Build.0 = Debug|Any CPU
		{9EE99AA5-8116-4E9F-84D3-940B3E012653}.Release|Any CPU.ActiveCfg = Release|Any CPU
		{9EE99AA5-8116-4E9F-84D3-940B3E012653}.Release|Any CPU.Build.0 = Release|Any CPU
		{644EABB1-41CB-44AF-8560-D4854CE490EB}.Debug|Any CPU.ActiveCfg = Debug|Any CPU
		{644EABB1-41CB-44AF-8560-D4854CE490EB}.Debug|Any CPU.Build.0 = Debug|Any CPU
		{644EABB1-41CB-44AF-8560-D4854CE490EB}.Release|Any CPU.ActiveCfg = Release|Any CPU
		{644EABB1-41CB-44AF-8560-D4854CE490EB}.Release|Any CPU.Build.0 = Release|Any CPU
		{4AFACD1C-5513-4B06-86E2-F4D9DDDC64B6}.Debug|Any CPU.ActiveCfg = Debug|Any CPU
		{4AFACD1C-5513-4B06-86E2-F4D9DDDC64B6}.Debug|Any CPU.Build.0 = Debug|Any CPU
		{4AFACD1C-5513-4B06-86E2-F4D9DDDC64B6}.Release|Any CPU.ActiveCfg = Release|Any CPU
		{4AFACD1C-5513-4B06-86E2-F4D9DDDC64B6}.Release|Any CPU.Build.0 = Release|Any CPU
		{73A44935-BFB0-4D38-BF6F-A655CF472C88}.Debug|Any CPU.ActiveCfg = Debug|Any CPU
		{73A44935-BFB0-4D38-BF6F-A655CF472C88}.Debug|Any CPU.Build.0 = Debug|Any CPU
		{73A44935-BFB0-4D38-BF6F-A655CF472C88}.Release|Any CPU.ActiveCfg = Release|Any CPU
		{73A44935-BFB0-4D38-BF6F-A655CF472C88}.Release|Any CPU.Build.0 = Release|Any CPU
	EndGlobalSection
	GlobalSection(SolutionProperties) = preSolution
		HideSolutionNode = FALSE
	EndGlobalSection
	GlobalSection(ExtensibilityGlobals) = postSolution
		SolutionGuid = {AF4AD8D9-9FD5-4256-9409-EF97988C914E}
	EndGlobalSection
EndGlobal
